// !$*UTF8*$!
{
	archiveVersion = 1;
	classes = {
	};
	objectVersion = 77;
	objects = {

/* Begin PBXBuildFile section */
		3300A0992D52DA2A0097DE0B /* SwiftUIIntrospect in Frameworks */ = {isa = PBXBuildFile; productRef = 3300A0982D52DA2A0097DE0B /* SwiftUIIntrospect */; };
		3300DD532D47D1A400563405 /* Polygon in Frameworks */ = {isa = PBXBuildFile; productRef = 3300DD522D47D1A400563405 /* Polygon */; };
		337B3F162CFE8C9F00690421 /* FirebaseAuthCombine-Community in Frameworks */ = {isa = PBXBuildFile; productRef = 337B3F152CFE8C9F00690421 /* FirebaseAuthCombine-Community */; };
		337B3F182CFE8C9F00690421 /* FirebaseCore in Frameworks */ = {isa = PBXBuildFile; productRef = 337B3F172CFE8C9F00690421 /* FirebaseCore */; };
		337B3F1A2CFE8C9F00690421 /* FirebaseFirestoreCombine-Community in Frameworks */ = {isa = PBXBuildFile; productRef = 337B3F192CFE8C9F00690421 /* FirebaseFirestoreCombine-Community */; };
		337B3F1C2CFE8C9F00690421 /* FirebaseFunctionsCombine-Community in Frameworks */ = {isa = PBXBuildFile; productRef = 337B3F1B2CFE8C9F00690421 /* FirebaseFunctionsCombine-Community */; };
		337B3F1E2CFE8C9F00690421 /* FirebaseStorageCombine-Community in Frameworks */ = {isa = PBXBuildFile; productRef = 337B3F1D2CFE8C9F00690421 /* FirebaseStorageCombine-Community */; };
/* End PBXBuildFile section */

/* Begin PBXCopyFilesBuildPhase section */
		3300A09F2D5316D20097DE0B /* Embed Frameworks */ = {
			isa = PBXCopyFilesBuildPhase;
			buildActionMask = 2147483647;
			dstPath = "";
			dstSubfolderSpec = 10;
			files = (
			);
			name = "Embed Frameworks";
			runOnlyForDeploymentPostprocessing = 0;
		};
/* End PBXCopyFilesBuildPhase section */

/* Begin PBXFileReference section */
		337B3F012CFE87D200690421 /* AtomStudies.app */ = {isa = PBXFileReference; explicitFileType = wrapper.application; includeInIndex = 0; path = AtomStudies.app; sourceTree = BUILT_PRODUCTS_DIR; };
/* End PBXFileReference section */

/* Begin PBXFileSystemSynchronizedBuildFileExceptionSet section */
		337B3F202CFE968800690421 /* Exceptions for "AtomStudies" folder in "AtomStudies" target */ = {
			isa = PBXFileSystemSynchronizedBuildFileExceptionSet;
			membershipExceptions = (
				Info.plist,
			);
			target = 337B3F002CFE87D200690421 /* AtomStudies */;
		};
/* End PBXFileSystemSynchronizedBuildFileExceptionSet section */

/* Begin PBXFileSystemSynchronizedRootGroup section */
		337B3F032CFE87D200690421 /* AtomStudies */ = {
			isa = PBXFileSystemSynchronizedRootGroup;
			exceptions = (
				337B3F202CFE968800690421 /* Exceptions for "AtomStudies" folder in "AtomStudies" target */,
			);
			path = AtomStudies;
			sourceTree = "<group>";
		};
/* End PBXFileSystemSynchronizedRootGroup section */

/* Begin PBXFrameworksBuildPhase section */
		337B3EFE2CFE87D200690421 /* Frameworks */ = {
			isa = PBXFrameworksBuildPhase;
			buildActionMask = 2147483647;
			files = (
				3300A0992D52DA2A0097DE0B /* SwiftUIIntrospect in Frameworks */,
				337B3F1A2CFE8C9F00690421 /* FirebaseFirestoreCombine-Community in Frameworks */,
				337B3F182CFE8C9F00690421 /* FirebaseCore in Frameworks */,
				337B3F1E2CFE8C9F00690421 /* FirebaseStorageCombine-Community in Frameworks */,
				3300DD532D47D1A400563405 /* Polygon in Frameworks */,
				337B3F162CFE8C9F00690421 /* FirebaseAuthCombine-Community in Frameworks */,
				337B3F1C2CFE8C9F00690421 /* FirebaseFunctionsCombine-Community in Frameworks */,
			);
			runOnlyForDeploymentPostprocessing = 0;
		};
/* End PBXFrameworksBuildPhase section */

/* Begin PBXGroup section */
		337B3EF82CFE87D200690421 = {
			isa = PBXGroup;
			children = (
				337B3F032CFE87D200690421 /* AtomStudies */,
				337B3F022CFE87D200690421 /* Products */,
			);
			sourceTree = "<group>";
		};
		337B3F022CFE87D200690421 /* Products */ = {
			isa = PBXGroup;
			children = (
				337B3F012CFE87D200690421 /* AtomStudies.app */,
			);
			name = Products;
			sourceTree = "<group>";
		};
/* End PBXGroup section */

/* Begin PBXNativeTarget section */
		337B3F002CFE87D200690421 /* AtomStudies */ = {
			isa = PBXNativeTarget;
			buildConfigurationList = 337B3F0F2CFE87D500690421 /* Build configuration list for PBXNativeTarget "AtomStudies" */;
			buildPhases = (
				337B3EFD2CFE87D200690421 /* Sources */,
				337B3EFE2CFE87D200690421 /* Frameworks */,
				337B3EFF2CFE87D200690421 /* Resources */,
				3300A09F2D5316D20097DE0B /* Embed Frameworks */,
			);
			buildRules = (
			);
			dependencies = (
			);
			fileSystemSynchronizedGroups = (
				337B3F032CFE87D200690421 /* AtomStudies */,
			);
			name = AtomStudies;
			packageProductDependencies = (
				337B3F152CFE8C9F00690421 /* FirebaseAuthCombine-Community */,
				337B3F172CFE8C9F00690421 /* FirebaseCore */,
				337B3F192CFE8C9F00690421 /* FirebaseFirestoreCombine-Community */,
				337B3F1B2CFE8C9F00690421 /* FirebaseFunctionsCombine-Community */,
				337B3F1D2CFE8C9F00690421 /* FirebaseStorageCombine-Community */,
				3300DD522D47D1A400563405 /* Polygon */,
				3300A0982D52DA2A0097DE0B /* SwiftUIIntrospect */,
			);
			productName = AtomStudies;
			productReference = 337B3F012CFE87D200690421 /* AtomStudies.app */;
			productType = "com.apple.product-type.application";
		};
/* End PBXNativeTarget section */

/* Begin PBXProject section */
		337B3EF92CFE87D200690421 /* Project object */ = {
			isa = PBXProject;
			attributes = {
				BuildIndependentTargetsInParallel = 1;
				LastSwiftUpdateCheck = 1600;
				LastUpgradeCheck = 1600;
				TargetAttributes = {
					337B3F002CFE87D200690421 = {
						CreatedOnToolsVersion = 16.0;
					};
				};
			};
			buildConfigurationList = 337B3EFC2CFE87D200690421 /* Build configuration list for PBXProject "AtomStudies" */;
			developmentRegion = en;
			hasScannedForEncodings = 0;
			knownRegions = (
				en,
				Base,
			);
			mainGroup = 337B3EF82CFE87D200690421;
			minimizedProjectReferenceProxies = 1;
			packageReferences = (
				337B3F142CFE8C9F00690421 /* XCRemoteSwiftPackageReference "firebase-ios-sdk" */,
				3300DD512D47D1A400563405 /* XCRemoteSwiftPackageReference "Polygon" */,
				3300A0972D52DA2A0097DE0B /* XCRemoteSwiftPackageReference "swiftui-introspect" */,
			);
			preferredProjectObjectVersion = 77;
			productRefGroup = 337B3F022CFE87D200690421 /* Products */;
			projectDirPath = "";
			projectRoot = "";
			targets = (
				337B3F002CFE87D200690421 /* AtomStudies */,
			);
		};
/* End PBXProject section */

/* Begin PBXResourcesBuildPhase section */
		337B3EFF2CFE87D200690421 /* Resources */ = {
			isa = PBXResourcesBuildPhase;
			buildActionMask = 2147483647;
			files = (
			);
			runOnlyForDeploymentPostprocessing = 0;
		};
/* End PBXResourcesBuildPhase section */

/* Begin PBXSourcesBuildPhase section */
		337B3EFD2CFE87D200690421 /* Sources */ = {
			isa = PBXSourcesBuildPhase;
			buildActionMask = 2147483647;
			files = (
			);
			runOnlyForDeploymentPostprocessing = 0;
		};
/* End PBXSourcesBuildPhase section */

/* Begin XCBuildConfiguration section */
		337B3F0D2CFE87D500690421 /* Debug */ = {
			isa = XCBuildConfiguration;
			buildSettings = {
				ALWAYS_SEARCH_USER_PATHS = NO;
				ASSETCATALOG_COMPILER_GENERATE_SWIFT_ASSET_SYMBOL_EXTENSIONS = YES;
				CLANG_ANALYZER_NONNULL = YES;
				CLANG_ANALYZER_NUMBER_OBJECT_CONVERSION = YES_AGGRESSIVE;
				CLANG_CXX_LANGUAGE_STANDARD = "gnu++20";
				CLANG_ENABLE_MODULES = YES;
				CLANG_ENABLE_OBJC_ARC = YES;
				CLANG_ENABLE_OBJC_WEAK = YES;
				CLANG_WARN_BLOCK_CAPTURE_AUTORELEASING = YES;
				CLANG_WARN_BOOL_CONVERSION = YES;
				CLANG_WARN_COMMA = YES;
				CLANG_WARN_CONSTANT_CONVERSION = YES;
				CLANG_WARN_DEPRECATED_OBJC_IMPLEMENTATIONS = YES;
				CLANG_WARN_DIRECT_OBJC_ISA_USAGE = YES_ERROR;
				CLANG_WARN_DOCUMENTATION_COMMENTS = YES;
				CLANG_WARN_EMPTY_BODY = YES;
				CLANG_WARN_ENUM_CONVERSION = YES;
				CLANG_WARN_INFINITE_RECURSION = YES;
				CLANG_WARN_INT_CONVERSION = YES;
				CLANG_WARN_NON_LITERAL_NULL_CONVERSION = YES;
				CLANG_WARN_OBJC_IMPLICIT_RETAIN_SELF = YES;
				CLANG_WARN_OBJC_LITERAL_CONVERSION = YES;
				CLANG_WARN_OBJC_ROOT_CLASS = YES_ERROR;
				CLANG_WARN_QUOTED_INCLUDE_IN_FRAMEWORK_HEADER = YES;
				CLANG_WARN_RANGE_LOOP_ANALYSIS = YES;
				CLANG_WARN_STRICT_PROTOTYPES = YES;
				CLANG_WARN_SUSPICIOUS_MOVE = YES;
				CLANG_WARN_UNGUARDED_AVAILABILITY = YES_AGGRESSIVE;
				CLANG_WARN_UNREACHABLE_CODE = YES;
				CLANG_WARN__DUPLICATE_METHOD_MATCH = YES;
				COPY_PHASE_STRIP = NO;
				DEBUG_INFORMATION_FORMAT = dwarf;
				ENABLE_STRICT_OBJC_MSGSEND = YES;
				ENABLE_TESTABILITY = YES;
				ENABLE_USER_SCRIPT_SANDBOXING = YES;
				GCC_C_LANGUAGE_STANDARD = gnu17;
				GCC_DYNAMIC_NO_PIC = NO;
				GCC_NO_COMMON_BLOCKS = YES;
				GCC_OPTIMIZATION_LEVEL = 0;
				GCC_PREPROCESSOR_DEFINITIONS = (
					"DEBUG=1",
					"$(inherited)",
				);
				GCC_WARN_64_TO_32_BIT_CONVERSION = YES;
				GCC_WARN_ABOUT_RETURN_TYPE = YES_ERROR;
				GCC_WARN_UNDECLARED_SELECTOR = YES;
				GCC_WARN_UNINITIALIZED_AUTOS = YES_AGGRESSIVE;
				GCC_WARN_UNUSED_FUNCTION = YES;
				GCC_WARN_UNUSED_VARIABLE = YES;
				IPHONEOS_DEPLOYMENT_TARGET = 18.0;
				LOCALIZATION_PREFERS_STRING_CATALOGS = YES;
				MTL_ENABLE_DEBUG_INFO = INCLUDE_SOURCE;
				MTL_FAST_MATH = YES;
				ONLY_ACTIVE_ARCH = YES;
				SDKROOT = iphoneos;
				SWIFT_ACTIVE_COMPILATION_CONDITIONS = "DEBUG $(inherited)";
				SWIFT_OPTIMIZATION_LEVEL = "-Onone";
			};
			name = Debug;
		};
		337B3F0E2CFE87D500690421 /* Release */ = {
			isa = XCBuildConfiguration;
			buildSettings = {
				ALWAYS_SEARCH_USER_PATHS = NO;
				ASSETCATALOG_COMPILER_GENERATE_SWIFT_ASSET_SYMBOL_EXTENSIONS = YES;
				CLANG_ANALYZER_NONNULL = YES;
				CLANG_ANALYZER_NUMBER_OBJECT_CONVERSION = YES_AGGRESSIVE;
				CLANG_CXX_LANGUAGE_STANDARD = "gnu++20";
				CLANG_ENABLE_MODULES = YES;
				CLANG_ENABLE_OBJC_ARC = YES;
				CLANG_ENABLE_OBJC_WEAK = YES;
				CLANG_WARN_BLOCK_CAPTURE_AUTORELEASING = YES;
				CLANG_WARN_BOOL_CONVERSION = YES;
				CLANG_WARN_COMMA = YES;
				CLANG_WARN_CONSTANT_CONVERSION = YES;
				CLANG_WARN_DEPRECATED_OBJC_IMPLEMENTATIONS = YES;
				CLANG_WARN_DIRECT_OBJC_ISA_USAGE = YES_ERROR;
				CLANG_WARN_DOCUMENTATION_COMMENTS = YES;
				CLANG_WARN_EMPTY_BODY = YES;
				CLANG_WARN_ENUM_CONVERSION = YES;
				CLANG_WARN_INFINITE_RECURSION = YES;
				CLANG_WARN_INT_CONVERSION = YES;
				CLANG_WARN_NON_LITERAL_NULL_CONVERSION = YES;
				CLANG_WARN_OBJC_IMPLICIT_RETAIN_SELF = YES;
				CLANG_WARN_OBJC_LITERAL_CONVERSION = YES;
				CLANG_WARN_OBJC_ROOT_CLASS = YES_ERROR;
				CLANG_WARN_QUOTED_INCLUDE_IN_FRAMEWORK_HEADER = YES;
				CLANG_WARN_RANGE_LOOP_ANALYSIS = YES;
				CLANG_WARN_STRICT_PROTOTYPES = YES;
				CLANG_WARN_SUSPICIOUS_MOVE = YES;
				CLANG_WARN_UNGUARDED_AVAILABILITY = YES_AGGRESSIVE;
				CLANG_WARN_UNREACHABLE_CODE = YES;
				CLANG_WARN__DUPLICATE_METHOD_MATCH = YES;
				COPY_PHASE_STRIP = NO;
				DEBUG_INFORMATION_FORMAT = "dwarf-with-dsym";
				ENABLE_NS_ASSERTIONS = NO;
				ENABLE_STRICT_OBJC_MSGSEND = YES;
				ENABLE_USER_SCRIPT_SANDBOXING = YES;
				GCC_C_LANGUAGE_STANDARD = gnu17;
				GCC_NO_COMMON_BLOCKS = YES;
				GCC_WARN_64_TO_32_BIT_CONVERSION = YES;
				GCC_WARN_ABOUT_RETURN_TYPE = YES_ERROR;
				GCC_WARN_UNDECLARED_SELECTOR = YES;
				GCC_WARN_UNINITIALIZED_AUTOS = YES_AGGRESSIVE;
				GCC_WARN_UNUSED_FUNCTION = YES;
				GCC_WARN_UNUSED_VARIABLE = YES;
				IPHONEOS_DEPLOYMENT_TARGET = 18.0;
				LOCALIZATION_PREFERS_STRING_CATALOGS = YES;
				MTL_ENABLE_DEBUG_INFO = NO;
				MTL_FAST_MATH = YES;
				SDKROOT = iphoneos;
				SWIFT_COMPILATION_MODE = wholemodule;
				VALIDATE_PRODUCT = YES;
			};
			name = Release;
		};
		337B3F102CFE87D500690421 /* Debug */ = {
			isa = XCBuildConfiguration;
			buildSettings = {
				ASSETCATALOG_COMPILER_APPICON_NAME = AppIcon;
				ASSETCATALOG_COMPILER_GLOBAL_ACCENT_COLOR_NAME = AccentColor;
				CODE_SIGN_STYLE = Automatic;
				CURRENT_PROJECT_VERSION = 1;
				DEVELOPMENT_ASSET_PATHS = "\"AtomStudies/Preview Content\"";
				DEVELOPMENT_TEAM = LG9VHH63DQ;
				ENABLE_PREVIEWS = YES;
				GENERATE_INFOPLIST_FILE = YES;
				INFOPLIST_FILE = AtomStudies/Info.plist;
				INFOPLIST_KEY_UIApplicationSceneManifest_Generation = YES;
				INFOPLIST_KEY_UIApplicationSupportsIndirectInputEvents = YES;
				INFOPLIST_KEY_UILaunchScreen_Generation = YES;
				INFOPLIST_KEY_UISupportedInterfaceOrientations_iPad = "UIInterfaceOrientationPortrait UIInterfaceOrientationPortraitUpsideDown UIInterfaceOrientationLandscapeLeft UIInterfaceOrientationLandscapeRight";
				INFOPLIST_KEY_UISupportedInterfaceOrientations_iPhone = "UIInterfaceOrientationPortrait UIInterfaceOrientationLandscapeLeft UIInterfaceOrientationLandscapeRight";
				LD_RUNPATH_SEARCH_PATHS = (
					"$(inherited)",
					"@executable_path/Frameworks",
				);
				MARKETING_VERSION = 1.0;
				PRODUCT_BUNDLE_IDENTIFIER = dev.atomtables.AtomStudies;
				PRODUCT_NAME = "$(TARGET_NAME)";
				SWIFT_EMIT_LOC_STRINGS = YES;
				SWIFT_VERSION = 5.0;
				TARGETED_DEVICE_FAMILY = "1,2";
			};
			name = Debug;
		};
		337B3F112CFE87D500690421 /* Release */ = {
			isa = XCBuildConfiguration;
			buildSettings = {
				ASSETCATALOG_COMPILER_APPICON_NAME = AppIcon;
				ASSETCATALOG_COMPILER_GLOBAL_ACCENT_COLOR_NAME = AccentColor;
				CODE_SIGN_STYLE = Automatic;
				CURRENT_PROJECT_VERSION = 1;
				DEVELOPMENT_ASSET_PATHS = "\"AtomStudies/Preview Content\"";
				DEVELOPMENT_TEAM = LG9VHH63DQ;
				ENABLE_PREVIEWS = YES;
				GENERATE_INFOPLIST_FILE = YES;
				INFOPLIST_FILE = AtomStudies/Info.plist;
				INFOPLIST_KEY_UIApplicationSceneManifest_Generation = YES;
				INFOPLIST_KEY_UIApplicationSupportsIndirectInputEvents = YES;
				INFOPLIST_KEY_UILaunchScreen_Generation = YES;
				INFOPLIST_KEY_UISupportedInterfaceOrientations_iPad = "UIInterfaceOrientationPortrait UIInterfaceOrientationPortraitUpsideDown UIInterfaceOrientationLandscapeLeft UIInterfaceOrientationLandscapeRight";
				INFOPLIST_KEY_UISupportedInterfaceOrientations_iPhone = "UIInterfaceOrientationPortrait UIInterfaceOrientationLandscapeLeft UIInterfaceOrientationLandscapeRight";
				LD_RUNPATH_SEARCH_PATHS = (
					"$(inherited)",
					"@executable_path/Frameworks",
				);
				MARKETING_VERSION = 1.0;
				PRODUCT_BUNDLE_IDENTIFIER = dev.atomtables.AtomStudies;
				PRODUCT_NAME = "$(TARGET_NAME)";
				SWIFT_EMIT_LOC_STRINGS = YES;
				SWIFT_VERSION = 5.0;
				TARGETED_DEVICE_FAMILY = "1,2";
			};
			name = Release;
		};
/* End XCBuildConfiguration section */

/* Begin XCConfigurationList section */
		337B3EFC2CFE87D200690421 /* Build configuration list for PBXProject "AtomStudies" */ = {
			isa = XCConfigurationList;
			buildConfigurations = (
				337B3F0D2CFE87D500690421 /* Debug */,
				337B3F0E2CFE87D500690421 /* Release */,
			);
			defaultConfigurationIsVisible = 0;
			defaultConfigurationName = Release;
		};
		337B3F0F2CFE87D500690421 /* Build configuration list for PBXNativeTarget "AtomStudies" */ = {
			isa = XCConfigurationList;
			buildConfigurations = (
				337B3F102CFE87D500690421 /* Debug */,
				337B3F112CFE87D500690421 /* Release */,
			);
			defaultConfigurationIsVisible = 0;
			defaultConfigurationName = Release;
		};
/* End XCConfigurationList section */

/* Begin XCRemoteSwiftPackageReference section */
		3300A0972D52DA2A0097DE0B /* XCRemoteSwiftPackageReference "swiftui-introspect" */ = {
			isa = XCRemoteSwiftPackageReference;
			repositoryURL = "https://github.com/siteline/swiftui-introspect";
			requirement = {
				kind = upToNextMajorVersion;
				minimumVersion = 1.3.0;
			};
		};
		3300DD512D47D1A400563405 /* XCRemoteSwiftPackageReference "Polygon" */ = {
			isa = XCRemoteSwiftPackageReference;
			repositoryURL = "https://github.com/eclypse-tms/Polygon";
			requirement = {
				kind = upToNextMajorVersion;
				minimumVersion = 4.0.0;
			};
		};
		337B3F142CFE8C9F00690421 /* XCRemoteSwiftPackageReference "firebase-ios-sdk" */ = {
			isa = XCRemoteSwiftPackageReference;
			repositoryURL = "https://github.com/firebase/firebase-ios-sdk";
			requirement = {
				kind = upToNextMajorVersion;
				minimumVersion = 11.5.0;
			};
		};
/* End XCRemoteSwiftPackageReference section */

/* Begin XCSwiftPackageProductDependency section */
		3300A0982D52DA2A0097DE0B /* SwiftUIIntrospect */ = {
			isa = XCSwiftPackageProductDependency;
			package = 3300A0972D52DA2A0097DE0B /* XCRemoteSwiftPackageReference "swiftui-introspect" */;
			productName = SwiftUIIntrospect;
		};
		3300DD522D47D1A400563405 /* Polygon */ = {
			isa = XCSwiftPackageProductDependency;
			package = 3300DD512D47D1A400563405 /* XCRemoteSwiftPackageReference "Polygon" */;
			productName = Polygon;
		};
		337B3F152CFE8C9F00690421 /* FirebaseAuthCombine-Community */ = {
			isa = XCSwiftPackageProductDependency;
			package = 337B3F142CFE8C9F00690421 /* XCRemoteSwiftPackageReference "firebase-ios-sdk" */;
			productName = "FirebaseAuthCombine-Community";
		};
		337B3F172CFE8C9F00690421 /* FirebaseCore */ = {
			isa = XCSwiftPackageProductDependency;
			package = 337B3F142CFE8C9F00690421 /* XCRemoteSwiftPackageReference "firebase-ios-sdk" */;
			productName = FirebaseCore;
		};
		337B3F192CFE8C9F00690421 /* FirebaseFirestoreCombine-Community */ = {
			isa = XCSwiftPackageProductDependency;
			package = 337B3F142CFE8C9F00690421 /* XCRemoteSwiftPackageReference "firebase-ios-sdk" */;
			productName = "FirebaseFirestoreCombine-Community";
		};
		337B3F1B2CFE8C9F00690421 /* FirebaseFunctionsCombine-Community */ = {
			isa = XCSwiftPackageProductDependency;
			package = 337B3F142CFE8C9F00690421 /* XCRemoteSwiftPackageReference "firebase-ios-sdk" */;
			productName = "FirebaseFunctionsCombine-Community";
		};
		337B3F1D2CFE8C9F00690421 /* FirebaseStorageCombine-Community */ = {
			isa = XCSwiftPackageProductDependency;
			package = 337B3F142CFE8C9F00690421 /* XCRemoteSwiftPackageReference "firebase-ios-sdk" */;
			productName = "FirebaseStorageCombine-Community";
		};
/* End XCSwiftPackageProductDependency section */
	};
	rootObject = 337B3EF92CFE87D200690421 /* Project object */;
}
